// !$*UTF8*$!
{
	archiveVersion = 1;
	classes = {
	};
	objectVersion = 46;
	objects = {

/* Begin PBXBuildFile section */
		C7065EA82083435400F29E1D /* YJKCenterButton.m in Sources */ = {isa = PBXBuildFile; fileRef = C7065EA72083435400F29E1D /* YJKCenterButton.m */; };
		C74BE4F91ECAF383005F2CF9 /* YJKImageActionSheet.m in Sources */ = {isa = PBXBuildFile; fileRef = C74BE4F81ECAF383005F2CF9 /* YJKImageActionSheet.m */; };
		C74BE4FC1ECAF558005F2CF9 /* YJKPacketConnection.m in Sources */ = {isa = PBXBuildFile; fileRef = C74BE4FB1ECAF557005F2CF9 /* YJKPacketConnection.m */; };
		C74BE4FF1ECAF5D4005F2CF9 /* YJKRequest.m in Sources */ = {isa = PBXBuildFile; fileRef = C74BE4FE1ECAF5D4005F2CF9 /* YJKRequest.m */; };
		C74BE5021ECAF634005F2CF9 /* YJKResponse.m in Sources */ = {isa = PBXBuildFile; fileRef = C74BE5011ECAF634005F2CF9 /* YJKResponse.m */; };
		C74BE5051ECAF6F0005F2CF9 /* YJKUtil.m in Sources */ = {isa = PBXBuildFile; fileRef = C74BE5041ECAF6F0005F2CF9 /* YJKUtil.m */; };
		C74BE5081ECAFAA7005F2CF9 /* ConstsConfig.m in Sources */ = {isa = PBXBuildFile; fileRef = C74BE5071ECAFAA7005F2CF9 /* ConstsConfig.m */; };
		C76441A21EBF7216000F5F3B /* NSString+YJKit.m in Sources */ = {isa = PBXBuildFile; fileRef = C76441A11EBF7216000F5F3B /* NSString+YJKit.m */; };
		C7A7C8BF1EC8A548006C9B0E /* MBProgressHUD.m in Sources */ = {isa = PBXBuildFile; fileRef = C7A7C8BE1EC8A548006C9B0E /* MBProgressHUD.m */; };
		C7A7C8C21EC8A59D006C9B0E /* YJKProgressHUD.m in Sources */ = {isa = PBXBuildFile; fileRef = C7A7C8C11EC8A59D006C9B0E /* YJKProgressHUD.m */; };
		C7A7C8C51EC8AC08006C9B0E /* YJKUIUtil.m in Sources */ = {isa = PBXBuildFile; fileRef = C7A7C8C41EC8AC08006C9B0E /* YJKUIUtil.m */; };
		C7A7C8C81EC8AEF1006C9B0E /* UIColor+YJKit.m in Sources */ = {isa = PBXBuildFile; fileRef = C7A7C8C71EC8AEF1006C9B0E /* UIColor+YJKit.m */; };
		C7A7C8CB1EC8AFA8006C9B0E /* UIImage+YJKit.m in Sources */ = {isa = PBXBuildFile; fileRef = C7A7C8CA1EC8AFA8006C9B0E /* UIImage+YJKit.m */; };
		C7A7C8CE1EC8B036006C9B0E /* UIView+YJKit.m in Sources */ = {isa = PBXBuildFile; fileRef = C7A7C8CD1EC8B036006C9B0E /* UIView+YJKit.m */; };
		C7D1CB6A1EBE246500DF7EA2 /* NSDictionary+YJKit.m in Sources */ = {isa = PBXBuildFile; fileRef = C7D1CB691EBE246500DF7EA2 /* NSDictionary+YJKit.m */; };
		C7EB22F51EBC84090058098F /* main.m in Sources */ = {isa = PBXBuildFile; fileRef = C7EB22F41EBC84090058098F /* main.m */; };
		C7EB22F81EBC84090058098F /* AppDelegate.m in Sources */ = {isa = PBXBuildFile; fileRef = C7EB22F71EBC84090058098F /* AppDelegate.m */; };
		C7EB22FB1EBC84090058098F /* ViewController.m in Sources */ = {isa = PBXBuildFile; fileRef = C7EB22FA1EBC84090058098F /* ViewController.m */; };
		C7EB22FE1EBC84090058098F /* Main.storyboard in Resources */ = {isa = PBXBuildFile; fileRef = C7EB22FC1EBC84090058098F /* Main.storyboard */; };
		C7EB23001EBC84090058098F /* Assets.xcassets in Resources */ = {isa = PBXBuildFile; fileRef = C7EB22FF1EBC84090058098F /* Assets.xcassets */; };
		C7EB23031EBC84090058098F /* LaunchScreen.storyboard in Resources */ = {isa = PBXBuildFile; fileRef = C7EB23011EBC84090058098F /* LaunchScreen.storyboard */; };
/* End PBXBuildFile section */

/* Begin PBXFileReference section */
		C7065EA62083435400F29E1D /* YJKCenterButton.h */ = {isa = PBXFileReference; lastKnownFileType = sourcecode.c.h; path = YJKCenterButton.h; sourceTree = "<group>"; };
		C7065EA72083435400F29E1D /* YJKCenterButton.m */ = {isa = PBXFileReference; lastKnownFileType = sourcecode.c.objc; path = YJKCenterButton.m; sourceTree = "<group>"; };
		C74BE4F71ECAF383005F2CF9 /* YJKImageActionSheet.h */ = {isa = PBXFileReference; fileEncoding = 4; lastKnownFileType = sourcecode.c.h; path = YJKImageActionSheet.h; sourceTree = "<group>"; };
		C74BE4F81ECAF383005F2CF9 /* YJKImageActionSheet.m */ = {isa = PBXFileReference; fileEncoding = 4; lastKnownFileType = sourcecode.c.objc; path = YJKImageActionSheet.m; sourceTree = "<group>"; };
		C74BE4FA1ECAF557005F2CF9 /* YJKPacketConnection.h */ = {isa = PBXFileReference; fileEncoding = 4; lastKnownFileType = sourcecode.c.h; path = YJKPacketConnection.h; sourceTree = "<group>"; };
		C74BE4FB1ECAF557005F2CF9 /* YJKPacketConnection.m */ = {isa = PBXFileReference; fileEncoding = 4; lastKnownFileType = sourcecode.c.objc; path = YJKPacketConnection.m; sourceTree = "<group>"; };
		C74BE4FD1ECAF5D4005F2CF9 /* YJKRequest.h */ = {isa = PBXFileReference; fileEncoding = 4; lastKnownFileType = sourcecode.c.h; path = YJKRequest.h; sourceTree = "<group>"; };
		C74BE4FE1ECAF5D4005F2CF9 /* YJKRequest.m */ = {isa = PBXFileReference; fileEncoding = 4; lastKnownFileType = sourcecode.c.objc; path = YJKRequest.m; sourceTree = "<group>"; };
		C74BE5001ECAF634005F2CF9 /* YJKResponse.h */ = {isa = PBXFileReference; fileEncoding = 4; lastKnownFileType = sourcecode.c.h; path = YJKResponse.h; sourceTree = "<group>"; };
		C74BE5011ECAF634005F2CF9 /* YJKResponse.m */ = {isa = PBXFileReference; fileEncoding = 4; lastKnownFileType = sourcecode.c.objc; path = YJKResponse.m; sourceTree = "<group>"; };
		C74BE5031ECAF6F0005F2CF9 /* YJKUtil.h */ = {isa = PBXFileReference; fileEncoding = 4; lastKnownFileType = sourcecode.c.h; path = YJKUtil.h; sourceTree = "<group>"; };
		C74BE5041ECAF6F0005F2CF9 /* YJKUtil.m */ = {isa = PBXFileReference; fileEncoding = 4; lastKnownFileType = sourcecode.c.objc; path = YJKUtil.m; sourceTree = "<group>"; };
		C74BE5061ECAFAA7005F2CF9 /* ConstsConfig.h */ = {isa = PBXFileReference; fileEncoding = 4; lastKnownFileType = sourcecode.c.h; path = ConstsConfig.h; sourceTree = "<group>"; };
		C74BE5071ECAFAA7005F2CF9 /* ConstsConfig.m */ = {isa = PBXFileReference; fileEncoding = 4; lastKnownFileType = sourcecode.c.objc; path = ConstsConfig.m; sourceTree = "<group>"; };
		C76441A01EBF7216000F5F3B /* NSString+YJKit.h */ = {isa = PBXFileReference; fileEncoding = 4; lastKnownFileType = sourcecode.c.h; path = "NSString+YJKit.h"; sourceTree = "<group>"; };
		C76441A11EBF7216000F5F3B /* NSString+YJKit.m */ = {isa = PBXFileReference; fileEncoding = 4; lastKnownFileType = sourcecode.c.objc; path = "NSString+YJKit.m"; sourceTree = "<group>"; };
		C7A7C8BD1EC8A548006C9B0E /* MBProgressHUD.h */ = {isa = PBXFileReference; fileEncoding = 4; lastKnownFileType = sourcecode.c.h; path = MBProgressHUD.h; sourceTree = "<group>"; };
		C7A7C8BE1EC8A548006C9B0E /* MBProgressHUD.m */ = {isa = PBXFileReference; fileEncoding = 4; lastKnownFileType = sourcecode.c.objc; path = MBProgressHUD.m; sourceTree = "<group>"; };
		C7A7C8C01EC8A59D006C9B0E /* YJKProgressHUD.h */ = {isa = PBXFileReference; fileEncoding = 4; lastKnownFileType = sourcecode.c.h; path = YJKProgressHUD.h; sourceTree = "<group>"; };
		C7A7C8C11EC8A59D006C9B0E /* YJKProgressHUD.m */ = {isa = PBXFileReference; fileEncoding = 4; lastKnownFileType = sourcecode.c.objc; path = YJKProgressHUD.m; sourceTree = "<group>"; };
		C7A7C8C31EC8AC08006C9B0E /* YJKUIUtil.h */ = {isa = PBXFileReference; fileEncoding = 4; lastKnownFileType = sourcecode.c.h; path = YJKUIUtil.h; sourceTree = "<group>"; };
		C7A7C8C41EC8AC08006C9B0E /* YJKUIUtil.m */ = {isa = PBXFileReference; fileEncoding = 4; lastKnownFileType = sourcecode.c.objc; path = YJKUIUtil.m; sourceTree = "<group>"; };
		C7A7C8C61EC8AEF1006C9B0E /* UIColor+YJKit.h */ = {isa = PBXFileReference; fileEncoding = 4; lastKnownFileType = sourcecode.c.h; path = "UIColor+YJKit.h"; sourceTree = "<group>"; };
		C7A7C8C71EC8AEF1006C9B0E /* UIColor+YJKit.m */ = {isa = PBXFileReference; fileEncoding = 4; lastKnownFileType = sourcecode.c.objc; path = "UIColor+YJKit.m"; sourceTree = "<group>"; };
		C7A7C8C91EC8AFA8006C9B0E /* UIImage+YJKit.h */ = {isa = PBXFileReference; fileEncoding = 4; lastKnownFileType = sourcecode.c.h; path = "UIImage+YJKit.h"; sourceTree = "<group>"; };
		C7A7C8CA1EC8AFA8006C9B0E /* UIImage+YJKit.m */ = {isa = PBXFileReference; fileEncoding = 4; lastKnownFileType = sourcecode.c.objc; path = "UIImage+YJKit.m"; sourceTree = "<group>"; };
		C7A7C8CC1EC8B036006C9B0E /* UIView+YJKit.h */ = {isa = PBXFileReference; fileEncoding = 4; lastKnownFileType = sourcecode.c.h; path = "UIView+YJKit.h"; sourceTree = "<group>"; };
		C7A7C8CD1EC8B036006C9B0E /* UIView+YJKit.m */ = {isa = PBXFileReference; fileEncoding = 4; lastKnownFileType = sourcecode.c.objc; path = "UIView+YJKit.m"; sourceTree = "<group>"; };
		C7D1CB641EBE20E300DF7EA2 /* YJKit.h */ = {isa = PBXFileReference; lastKnownFileType = sourcecode.c.h; path = YJKit.h; sourceTree = "<group>"; };
		C7D1CB681EBE246500DF7EA2 /* NSDictionary+YJKit.h */ = {isa = PBXFileReference; fileEncoding = 4; lastKnownFileType = sourcecode.c.h; path = "NSDictionary+YJKit.h"; sourceTree = "<group>"; };
		C7D1CB691EBE246500DF7EA2 /* NSDictionary+YJKit.m */ = {isa = PBXFileReference; fileEncoding = 4; lastKnownFileType = sourcecode.c.objc; path = "NSDictionary+YJKit.m"; sourceTree = "<group>"; };
		C7EB22F01EBC84090058098F /* YJKit-ObjC.app */ = {isa = PBXFileReference; explicitFileType = wrapper.application; includeInIndex = 0; path = "YJKit-ObjC.app"; sourceTree = BUILT_PRODUCTS_DIR; };
		C7EB22F41EBC84090058098F /* main.m */ = {isa = PBXFileReference; lastKnownFileType = sourcecode.c.objc; path = main.m; sourceTree = "<group>"; };
		C7EB22F61EBC84090058098F /* AppDelegate.h */ = {isa = PBXFileReference; lastKnownFileType = sourcecode.c.h; path = AppDelegate.h; sourceTree = "<group>"; };
		C7EB22F71EBC84090058098F /* AppDelegate.m */ = {isa = PBXFileReference; lastKnownFileType = sourcecode.c.objc; path = AppDelegate.m; sourceTree = "<group>"; };
		C7EB22F91EBC84090058098F /* ViewController.h */ = {isa = PBXFileReference; lastKnownFileType = sourcecode.c.h; path = ViewController.h; sourceTree = "<group>"; };
		C7EB22FA1EBC84090058098F /* ViewController.m */ = {isa = PBXFileReference; lastKnownFileType = sourcecode.c.objc; path = ViewController.m; sourceTree = "<group>"; };
		C7EB22FD1EBC84090058098F /* Base */ = {isa = PBXFileReference; lastKnownFileType = file.storyboard; name = Base; path = Base.lproj/Main.storyboard; sourceTree = "<group>"; };
		C7EB22FF1EBC84090058098F /* Assets.xcassets */ = {isa = PBXFileReference; lastKnownFileType = folder.assetcatalog; path = Assets.xcassets; sourceTree = "<group>"; };
		C7EB23021EBC84090058098F /* Base */ = {isa = PBXFileReference; lastKnownFileType = file.storyboard; name = Base; path = Base.lproj/LaunchScreen.storyboard; sourceTree = "<group>"; };
		C7EB23041EBC84090058098F /* Info.plist */ = {isa = PBXFileReference; lastKnownFileType = text.plist.xml; path = Info.plist; sourceTree = "<group>"; };
/* End PBXFileReference section */

/* Begin PBXFrameworksBuildPhase section */
		C7EB22ED1EBC84090058098F /* Frameworks */ = {
			isa = PBXFrameworksBuildPhase;
			buildActionMask = 2147483647;
			files = (
			);
			runOnlyForDeploymentPostprocessing = 0;
		};
/* End PBXFrameworksBuildPhase section */

/* Begin PBXGroup section */
		C7A7C8BB1EC8A548006C9B0E /* ThirdParty */ = {
			isa = PBXGroup;
			children = (
				C7A7C8BC1EC8A548006C9B0E /* MBProgressHUD */,
			);
			path = ThirdParty;
			sourceTree = "<group>";
		};
		C7A7C8BC1EC8A548006C9B0E /* MBProgressHUD */ = {
			isa = PBXGroup;
			children = (
				C7A7C8BD1EC8A548006C9B0E /* MBProgressHUD.h */,
				C7A7C8BE1EC8A548006C9B0E /* MBProgressHUD.m */,
			);
			path = MBProgressHUD;
			sourceTree = "<group>";
		};
		C7D1CB631EBE1F4300DF7EA2 /* YJKit */ = {
			isa = PBXGroup;
			children = (
				C7D1CB641EBE20E300DF7EA2 /* YJKit.h */,
				C74BE5061ECAFAA7005F2CF9 /* ConstsConfig.h */,
				C74BE5071ECAFAA7005F2CF9 /* ConstsConfig.m */,
				C7D1CB681EBE246500DF7EA2 /* NSDictionary+YJKit.h */,
				C7D1CB691EBE246500DF7EA2 /* NSDictionary+YJKit.m */,
				C76441A01EBF7216000F5F3B /* NSString+YJKit.h */,
				C76441A11EBF7216000F5F3B /* NSString+YJKit.m */,
				C7065EA62083435400F29E1D /* YJKCenterButton.h */,
				C7065EA72083435400F29E1D /* YJKCenterButton.m */,
				C74BE4F71ECAF383005F2CF9 /* YJKImageActionSheet.h */,
				C74BE4F81ECAF383005F2CF9 /* YJKImageActionSheet.m */,
				C7A7C8C01EC8A59D006C9B0E /* YJKProgressHUD.h */,
				C7A7C8C11EC8A59D006C9B0E /* YJKProgressHUD.m */,
				C74BE4FA1ECAF557005F2CF9 /* YJKPacketConnection.h */,
				C74BE4FB1ECAF557005F2CF9 /* YJKPacketConnection.m */,
				C74BE4FD1ECAF5D4005F2CF9 /* YJKRequest.h */,
				C74BE4FE1ECAF5D4005F2CF9 /* YJKRequest.m */,
				C74BE5001ECAF634005F2CF9 /* YJKResponse.h */,
				C74BE5011ECAF634005F2CF9 /* YJKResponse.m */,
				C7A7C8C31EC8AC08006C9B0E /* YJKUIUtil.h */,
				C7A7C8C41EC8AC08006C9B0E /* YJKUIUtil.m */,
				C74BE5031ECAF6F0005F2CF9 /* YJKUtil.h */,
				C74BE5041ECAF6F0005F2CF9 /* YJKUtil.m */,
				C7A7C8C61EC8AEF1006C9B0E /* UIColor+YJKit.h */,
				C7A7C8C71EC8AEF1006C9B0E /* UIColor+YJKit.m */,
				C7A7C8C91EC8AFA8006C9B0E /* UIImage+YJKit.h */,
				C7A7C8CA1EC8AFA8006C9B0E /* UIImage+YJKit.m */,
				C7A7C8CC1EC8B036006C9B0E /* UIView+YJKit.h */,
				C7A7C8CD1EC8B036006C9B0E /* UIView+YJKit.m */,
			);
			path = YJKit;
			sourceTree = "<group>";
		};
		C7EB22E71EBC84090058098F = {
			isa = PBXGroup;
			children = (
				C7EB22F21EBC84090058098F /* YJKit-ObjC */,
				C7EB22F11EBC84090058098F /* Products */,
			);
			sourceTree = "<group>";
		};
		C7EB22F11EBC84090058098F /* Products */ = {
			isa = PBXGroup;
			children = (
				C7EB22F01EBC84090058098F /* YJKit-ObjC.app */,
			);
			name = Products;
			sourceTree = "<group>";
		};
		C7EB22F21EBC84090058098F /* YJKit-ObjC */ = {
			isa = PBXGroup;
			children = (
				C7EB22F61EBC84090058098F /* AppDelegate.h */,
				C7EB22F71EBC84090058098F /* AppDelegate.m */,
				C7EB22F91EBC84090058098F /* ViewController.h */,
				C7EB22FA1EBC84090058098F /* ViewController.m */,
				C7EB22FC1EBC84090058098F /* Main.storyboard */,
				C7EB22FF1EBC84090058098F /* Assets.xcassets */,
				C7EB23011EBC84090058098F /* LaunchScreen.storyboard */,
				C7EB23041EBC84090058098F /* Info.plist */,
				C7D1CB631EBE1F4300DF7EA2 /* YJKit */,
				C7A7C8BB1EC8A548006C9B0E /* ThirdParty */,
				C7EB22F31EBC84090058098F /* Supporting Files */,
			);
			path = "YJKit-ObjC";
			sourceTree = "<group>";
		};
		C7EB22F31EBC84090058098F /* Supporting Files */ = {
			isa = PBXGroup;
			children = (
				C7EB22F41EBC84090058098F /* main.m */,
			);
			name = "Supporting Files";
			sourceTree = "<group>";
		};
/* End PBXGroup section */

/* Begin PBXNativeTarget section */
		C7EB22EF1EBC84090058098F /* YJKit-ObjC */ = {
			isa = PBXNativeTarget;
			buildConfigurationList = C7EB23071EBC84090058098F /* Build configuration list for PBXNativeTarget "YJKit-ObjC" */;
			buildPhases = (
				C7EB22EC1EBC84090058098F /* Sources */,
				C7EB22ED1EBC84090058098F /* Frameworks */,
				C7EB22EE1EBC84090058098F /* Resources */,
			);
			buildRules = (
			);
			dependencies = (
			);
			name = "YJKit-ObjC";
			productName = "YJKit-ObjC";
			productReference = C7EB22F01EBC84090058098F /* YJKit-ObjC.app */;
			productType = "com.apple.product-type.application";
		};
/* End PBXNativeTarget section */

/* Begin PBXProject section */
		C7EB22E81EBC84090058098F /* Project object */ = {
			isa = PBXProject;
			attributes = {
				LastUpgradeCheck = 0830;
				ORGANIZATIONNAME = "杨坚";
				TargetAttributes = {
					C7EB22EF1EBC84090058098F = {
						CreatedOnToolsVersion = 8.3.1;
						ProvisioningStyle = Automatic;
					};
				};
			};
			buildConfigurationList = C7EB22EB1EBC84090058098F /* Build configuration list for PBXProject "YJKit-ObjC" */;
			compatibilityVersion = "Xcode 3.2";
			developmentRegion = English;
			hasScannedForEncodings = 0;
			knownRegions = (
				en,
				Base,
			);
			mainGroup = C7EB22E71EBC84090058098F;
			productRefGroup = C7EB22F11EBC84090058098F /* Products */;
			projectDirPath = "";
			projectRoot = "";
			targets = (
				C7EB22EF1EBC84090058098F /* YJKit-ObjC */,
			);
		};
/* End PBXProject section */

/* Begin PBXResourcesBuildPhase section */
		C7EB22EE1EBC84090058098F /* Resources */ = {
			isa = PBXResourcesBuildPhase;
			buildActionMask = 2147483647;
			files = (
				C7EB23031EBC84090058098F /* LaunchScreen.storyboard in Resources */,
				C7EB23001EBC84090058098F /* Assets.xcassets in Resources */,
				C7EB22FE1EBC84090058098F /* Main.storyboard in Resources */,
			);
			runOnlyForDeploymentPostprocessing = 0;
		};
/* End PBXResourcesBuildPhase section */

/* Begin PBXSourcesBuildPhase section */
		C7EB22EC1EBC84090058098F /* Sources */ = {
			isa = PBXSourcesBuildPhase;
			buildActionMask = 2147483647;
			files = (
				C74BE5051ECAF6F0005F2CF9 /* YJKUtil.m in Sources */,
				C7A7C8C51EC8AC08006C9B0E /* YJKUIUtil.m in Sources */,
				C7D1CB6A1EBE246500DF7EA2 /* NSDictionary+YJKit.m in Sources */,
				C7A7C8C81EC8AEF1006C9B0E /* UIColor+YJKit.m in Sources */,
				C7A7C8BF1EC8A548006C9B0E /* MBProgressHUD.m in Sources */,
				C74BE4F91ECAF383005F2CF9 /* YJKImageActionSheet.m in Sources */,
				C74BE5081ECAFAA7005F2CF9 /* ConstsConfig.m in Sources */,
				C7A7C8C21EC8A59D006C9B0E /* YJKProgressHUD.m in Sources */,
				C7A7C8CB1EC8AFA8006C9B0E /* UIImage+YJKit.m in Sources */,
				C7A7C8CE1EC8B036006C9B0E /* UIView+YJKit.m in Sources */,
				C7EB22FB1EBC84090058098F /* ViewController.m in Sources */,
				C74BE4FC1ECAF558005F2CF9 /* YJKPacketConnection.m in Sources */,
				C74BE4FF1ECAF5D4005F2CF9 /* YJKRequest.m in Sources */,
				C76441A21EBF7216000F5F3B /* NSString+YJKit.m in Sources */,
				C7EB22F81EBC84090058098F /* AppDelegate.m in Sources */,
				C7EB22F51EBC84090058098F /* main.m in Sources */,
				C74BE5021ECAF634005F2CF9 /* YJKResponse.m in Sources */,
				C7065EA82083435400F29E1D /* YJKCenterButton.m in Sources */,
			);
			runOnlyForDeploymentPostprocessing = 0;
		};
/* End PBXSourcesBuildPhase section */

/* Begin PBXVariantGroup section */
		C7EB22FC1EBC84090058098F /* Main.storyboard */ = {
			isa = PBXVariantGroup;
			children = (
				C7EB22FD1EBC84090058098F /* Base */,
			);
			name = Main.storyboard;
			sourceTree = "<group>";
		};
		C7EB23011EBC84090058098F /* LaunchScreen.storyboard */ = {
			isa = PBXVariantGroup;
			children = (
				C7EB23021EBC84090058098F /* Base */,
			);
			name = LaunchScreen.storyboard;
			sourceTree = "<group>";
		};
/* End PBXVariantGroup section */

/* Begin XCBuildConfiguration section */
		C7EB23051EBC84090058098F /* Debug */ = {
			isa = XCBuildConfiguration;
			buildSettings = {
				ALWAYS_SEARCH_USER_PATHS = NO;
				CLANG_ANALYZER_NONNULL = YES;
				CLANG_ANALYZER_NUMBER_OBJECT_CONVERSION = YES_AGGRESSIVE;
				CLANG_CXX_LANGUAGE_STANDARD = "gnu++0x";
				CLANG_CXX_LIBRARY = "libc++";
				CLANG_ENABLE_MODULES = YES;
				CLANG_ENABLE_OBJC_ARC = YES;
				CLANG_WARN_BOOL_CONVERSION = YES;
				CLANG_WARN_CONSTANT_CONVERSION = YES;
				CLANG_WARN_DIRECT_OBJC_ISA_USAGE = YES_ERROR;
				CLANG_WARN_DOCUMENTATION_COMMENTS = YES;
				CLANG_WARN_EMPTY_BODY = YES;
				CLANG_WARN_ENUM_CONVERSION = YES;
				CLANG_WARN_INFINITE_RECURSION = YES;
				CLANG_WARN_INT_CONVERSION = YES;
				CLANG_WARN_OBJC_ROOT_CLASS = YES_ERROR;
				CLANG_WARN_SUSPICIOUS_MOVE = YES;
				CLANG_WARN_UNREACHABLE_CODE = YES;
				CLANG_WARN__DUPLICATE_METHOD_MATCH = YES;
				"CODE_SIGN_IDENTITY[sdk=iphoneos*]" = "iPhone Developer";
				COPY_PHASE_STRIP = NO;
				DEBUG_INFORMATION_FORMAT = dwarf;
				ENABLE_STRICT_OBJC_MSGSEND = YES;
				ENABLE_TESTABILITY = YES;
				GCC_C_LANGUAGE_STANDARD = gnu99;
				GCC_DYNAMIC_NO_PIC = NO;
				GCC_NO_COMMON_BLOCKS = YES;
				GCC_OPTIMIZATION_LEVEL = 0;
				GCC_PREPROCESSOR_DEFINITIONS = (
					"DEBUG=1",
					"$(inherited)",
				);
				GCC_WARN_64_TO_32_BIT_CONVERSION = YES;
				GCC_WARN_ABOUT_RETURN_TYPE = YES_ERROR;
				GCC_WARN_UNDECLARED_SELECTOR = YES;
				GCC_WARN_UNINITIALIZED_AUTOS = YES_AGGRESSIVE;
				GCC_WARN_UNUSED_FUNCTION = YES;
				GCC_WARN_UNUSED_VARIABLE = YES;
				IPHONEOS_DEPLOYMENT_TARGET = 10.3;
				MTL_ENABLE_DEBUG_INFO = YES;
				ONLY_ACTIVE_ARCH = YES;
				SDKROOT = iphoneos;
			};
			name = Debug;
		};
		C7EB23061EBC84090058098F /* Release */ = {
			isa = XCBuildConfiguration;
			buildSettings = {
				ALWAYS_SEARCH_USER_PATHS = NO;
				CLANG_ANALYZER_NONNULL = YES;
				CLANG_ANALYZER_NUMBER_OBJECT_CONVERSION = YES_AGGRESSIVE;
				CLANG_CXX_LANGUAGE_STANDARD = "gnu++0x";
				CLANG_CXX_LIBRARY = "libc++";
				CLANG_ENABLE_MODULES = YES;
				CLANG_ENABLE_OBJC_ARC = YES;
				CLANG_WARN_BOOL_CONVERSION = YES;
				CLANG_WARN_CONSTANT_CONVERSION = YES;
				CLANG_WARN_DIRECT_OBJC_ISA_USAGE = YES_ERROR;
				CLANG_WARN_DOCUMENTATION_COMMENTS = YES;
				CLANG_WARN_EMPTY_BODY = YES;
				CLANG_WARN_ENUM_CONVERSION = YES;
				CLANG_WARN_INFINITE_RECURSION = YES;
				CLANG_WARN_INT_CONVERSION = YES;
				CLANG_WARN_OBJC_ROOT_CLASS = YES_ERROR;
				CLANG_WARN_SUSPICIOUS_MOVE = YES;
				CLANG_WARN_UNREACHABLE_CODE = YES;
				CLANG_WARN__DUPLICATE_METHOD_MATCH = YES;
				"CODE_SIGN_IDENTITY[sdk=iphoneos*]" = "iPhone Developer";
				COPY_PHASE_STRIP = NO;
				DEBUG_INFORMATION_FORMAT = "dwarf-with-dsym";
				ENABLE_NS_ASSERTIONS = NO;
				ENABLE_STRICT_OBJC_MSGSEND = YES;
				GCC_C_LANGUAGE_STANDARD = gnu99;
				GCC_NO_COMMON_BLOCKS = YES;
				GCC_WARN_64_TO_32_BIT_CONVERSION = YES;
				GCC_WARN_ABOUT_RETURN_TYPE = YES_ERROR;
				GCC_WARN_UNDECLARED_SELECTOR = YES;
				GCC_WARN_UNINITIALIZED_AUTOS = YES_AGGRESSIVE;
				GCC_WARN_UNUSED_FUNCTION = YES;
				GCC_WARN_UNUSED_VARIABLE = YES;
				IPHONEOS_DEPLOYMENT_TARGET = 10.3;
				MTL_ENABLE_DEBUG_INFO = NO;
				SDKROOT = iphoneos;
				VALIDATE_PRODUCT = YES;
			};
			name = Release;
		};
		C7EB23081EBC84090058098F /* Debug */ = {
			isa = XCBuildConfiguration;
			buildSettings = {
				ASSETCATALOG_COMPILER_APPICON_NAME = AppIcon;
				INFOPLIST_FILE = "YJKit-ObjC/Info.plist";
				IPHONEOS_DEPLOYMENT_TARGET = 8.0;
				LD_RUNPATH_SEARCH_PATHS = "$(inherited) @executable_path/Frameworks";
				PRODUCT_BUNDLE_IDENTIFIER = "com.yjking.YJKit-ObjC";
				PRODUCT_NAME = "$(TARGET_NAME)";
			};
			name = Debug;
		};
		C7EB23091EBC84090058098F /* Release */ = {
			isa = XCBuildConfiguration;
			buildSettings = {
				ASSETCATALOG_COMPILER_APPICON_NAME = AppIcon;
				INFOPLIST_FILE = "YJKit-ObjC/Info.plist";
				IPHONEOS_DEPLOYMENT_TARGET = 8.0;
				LD_RUNPATH_SEARCH_PATHS = "$(inherited) @executable_path/Frameworks";
				PRODUCT_BUNDLE_IDENTIFIER = "com.yjking.YJKit-ObjC";
				PRODUCT_NAME = "$(TARGET_NAME)";
			};
			name = Release;
		};
/* End XCBuildConfiguration section */

/* Begin XCConfigurationList section */
		C7EB22EB1EBC84090058098F /* Build configuration list for PBXProject "YJKit-ObjC" */ = {
			isa = XCConfigurationList;
			buildConfigurations = (
				C7EB23051EBC84090058098F /* Debug */,
				C7EB23061EBC84090058098F /* Release */,
			);
			defaultConfigurationIsVisible = 0;
			defaultConfigurationName = Release;
		};
		C7EB23071EBC84090058098F /* Build configuration list for PBXNativeTarget "YJKit-ObjC" */ = {
			isa = XCConfigurationList;
			buildConfigurations = (
				C7EB23081EBC84090058098F /* Debug */,
				C7EB23091EBC84090058098F /* Release */,
			);
			defaultConfigurationIsVisible = 0;
			defaultConfigurationName = Release;
		};
/* End XCConfigurationList section */
	};
	rootObject = C7EB22E81EBC84090058098F /* Project object */;
}
